
Microsoft Visual Studio Solution File, Format Version 12.00
# Visual Studio Version 16
VisualStudioVersion = 16.0.29123.88
MinimumVisualStudioVersion = 10.0.40219.1
Project("{FAE04EC0-301F-11D3-BF4B-00C04F79EFBC}") = "SlimlineManager", "SlimlineManager\SlimlineManager.csproj", "{829CC116-D0B8-4998-B643-0CE487118928}"
EndProject
Global
	GlobalSection(SolutionConfigurationPlatforms) = preSolution
		Debug|Any CPU = Debug|Any CPU
		Release|Any CPU = Release|Any CPU
	EndGlobalSection
	GlobalSection(ProjectConfigurationPlatforms) = postSolution
		{829CC116-D0B8-4998-B643-0CE487118928}.Debug|Any CPU.ActiveCfg = Debug|Any CPU
		{829CC116-D0B8-4998-B643-0CE487118928}.Debug|Any CPU.Build.0 = Debug|Any CPU
		{829CC116-D0B8-4998-B643-0CE487118928}.Release|Any CPU.ActiveCfg = Release|Any CPU
		{829CC116-D0B8-4998-B643-0CE487118928}.Release|Any CPU.Build.0 = Release|Any CPU
	EndGlobalSection
	GlobalSection(SolutionProperties) = preSolution
		HideSolutionNode = FALSE
	EndGlobalSection
	GlobalSection(ExtensibilityGlobals) = postSolution
		SolutionGuid = {142E23FB-8B5C-4269-A382-AC103FCA6B4B}
	EndGlobalSection
EndGlobal
